{
  "requires": true,
  "lockfileVersion": 1,
  "dependencies": {
    "kotlin": {
      "version": "1.2.61",
      "resolved": "https://registry.npmjs.org/kotlin/-/kotlin-1.2.61.tgz",
      "integrity": "sha512-kqxfSTTAZjCitko7yiqT4eb8H59OPKv29YKcl8ZAb78P8K8lqNjDF/ZloL+ZMhPMC/+F0k7w37lo1M/ZlcT8ow=="
    }
  }
}
