{
  "requires": true,
  "lockfileVersion": 1,
  "dependencies": {
    "kotlin": {
      "version": "1.2.60",
      "resolved": "https://registry.npmjs.org/kotlin/-/kotlin-1.2.60.tgz",
      "integrity": "sha1-PX7CMooNRigeIbnXz1MUAyIXsBA="
    },
    "kotlinx-atomicfu": {
      "version": "0.11.0",
      "resolved": "https://registry.npmjs.org/kotlinx-atomicfu/-/kotlinx-atomicfu-0.11.0.tgz",
      "integrity": "sha512-vC2rq6xZhGCWvH45fVV9Jrpwf9m/IMALGaWCc0svTFuF71NhE3R7IXbQCgdEdRqX7CZXYr9DK8BM5KqMy621aQ=="
    },
    "kotlinx-coroutines-core": {
      "version": "0.24.0",
      "resolved": "https://registry.npmjs.org/kotlinx-coroutines-core/-/kotlinx-coroutines-core-0.24.0.tgz",
      "integrity": "sha512-en4Y8nkUHgbFBQzJhXUBF9bI6x2Wp8m7bZ/E5wPqLu7WbpFxGnF+0XxrrMVqclfBA7Cy/B53POMmimAG9aCGzQ==",
      "requires": {
        "kotlinx-atomicfu": "0.11.0"
      }
    }
  }
}
